# This file is generated by running "yarn install" inside your project.
# Manual changes might be lost - proceed with caution!

__metadata:
  version: 6
  cacheKey: 8

"markdownlint-rule-enhanced-proper-names@workspace:.":
  version: 0.0.0-use.local
  resolution: "markdownlint-rule-enhanced-proper-names@workspace:."
  dependencies:
    markdownlint-rule-helpers: ^0.17.2
  languageName: unknown
  linkType: soft

"markdownlint-rule-helpers@npm:^0.17.2":
  version: 0.17.2
  resolution: "markdownlint-rule-helpers@npm:0.17.2"
  checksum: e34c0266ffc0e1102fdd839dd70228b719c3120e8b61d0e21d4e21388a87203b7ec69d5dceb00d7bdc02fe215d2b51b14a7a72d89caa3acc7498edb38877cb40
  languageName: node
  linkType: hard
